// !$*UTF8*$!
{
	archiveVersion = 1;
	classes = {
	};
	objectVersion = 50;
	objects = {

/* Begin PBXBuildFile section */
		088F377EA76FBEBAE6D56AEE /* mapRouter.m in Sources */ = {isa = PBXBuildFile; fileRef = 59D9544806BE043419883F37 /* mapRouter.m */; };
		1122821D9949AD594F087B0F /* MapViewController.m in Sources */ = {isa = PBXBuildFile; fileRef = CA595FC32D30286C0EA3ED50 /* MapViewController.m */; };
		2B9B024C1F346C75282DC6EC /* mapAssembly.m in Sources */ = {isa = PBXBuildFile; fileRef = DB4350179F77CC06A7A1809B /* mapAssembly.m */; };
		41F00101B1EE53B214C5AE1E /* MapAssembly.m in Sources */ = {isa = PBXBuildFile; fileRef = DEC3550D5873DC78B01BB625 /* MapAssembly.m */; };
		533E4F6C659D572599D3A89D /* Pods_GeoTransportationGame.framework in Frameworks */ = {isa = PBXBuildFile; fileRef = 3657AEE0053D156712C5FD6B /* Pods_GeoTransportationGame.framework */; };
		5781F8746BCC08D1A81BE2B0 /* MapPresenter.m in Sources */ = {isa = PBXBuildFile; fileRef = 858DAF28C13DAE7473A77DB4 /* MapPresenter.m */; };
		751464F05199D87B62127A67 /* mapPresenter.m in Sources */ = {isa = PBXBuildFile; fileRef = 495D8C154154D00C9E39BEA9 /* mapPresenter.m */; };
		7E678138238F7EEF0026DA22 /* AppDelegate.swift in Sources */ = {isa = PBXBuildFile; fileRef = 7E678137238F7EEF0026DA22 /* AppDelegate.swift */; };
		7E67813A238F7EEF0026DA22 /* SceneDelegate.swift in Sources */ = {isa = PBXBuildFile; fileRef = 7E678139238F7EEF0026DA22 /* SceneDelegate.swift */; };
		7E67813C238F7EEF0026DA22 /* ViewController.swift in Sources */ = {isa = PBXBuildFile; fileRef = 7E67813B238F7EEF0026DA22 /* ViewController.swift */; };
		7E67813F238F7EEF0026DA22 /* Main.storyboard in Resources */ = {isa = PBXBuildFile; fileRef = 7E67813D238F7EEF0026DA22 /* Main.storyboard */; };
		7E678141238F7EF20026DA22 /* Assets.xcassets in Resources */ = {isa = PBXBuildFile; fileRef = 7E678140238F7EF20026DA22 /* Assets.xcassets */; };
		7E678144238F7EF20026DA22 /* LaunchScreen.storyboard in Resources */ = {isa = PBXBuildFile; fileRef = 7E678142238F7EF20026DA22 /* LaunchScreen.storyboard */; };
		9EDEE2B079C59F01F82ADE51 /* mapViewController.m in Sources */ = {isa = PBXBuildFile; fileRef = E1D3A314E75F49E12C2C3536 /* mapViewController.m */; };
		9FC1EABFB9947D2D0315A9FA /* MapInteractor.m in Sources */ = {isa = PBXBuildFile; fileRef = 41DDF8271D710463DC6A43A1 /* MapInteractor.m */; };
		C2C3CB5A0422C58FF7BAB01D /* mapInteractor.m in Sources */ = {isa = PBXBuildFile; fileRef = B56E4939BDC93C59FF21FB6B /* mapInteractor.m */; };
		CDD38E126DA70445D958FBA4 /* MapRouter.m in Sources */ = {isa = PBXBuildFile; fileRef = 6A5889CE0BCBDC872F8A2ACC /* MapRouter.m */; };
/* End PBXBuildFile section */

/* Begin PBXFileReference section */
		038660983B4244DFB7C16546 /* MapRouterInput.h */ = {isa = PBXFileReference; includeInIndex = 1; lastKnownFileType = sourcecode.c.h; path = MapRouterInput.h; sourceTree = "<group>"; };
		0386F8324D6E7B84E33C1D1D /* mapInteractorOutput.h */ = {isa = PBXFileReference; includeInIndex = 1; lastKnownFileType = sourcecode.c.h; path = mapInteractorOutput.h; sourceTree = "<group>"; };
		104F3885CDCCA7526D519496 /* mapViewOutput.h */ = {isa = PBXFileReference; includeInIndex = 1; lastKnownFileType = sourcecode.c.h; path = mapViewOutput.h; sourceTree = "<group>"; };
		1CF824D35321A4668A1B071B /* MapPresenter.h */ = {isa = PBXFileReference; includeInIndex = 1; lastKnownFileType = sourcecode.c.h; path = MapPresenter.h; sourceTree = "<group>"; };
		29122C89E26A297FDBE60E01 /* mapInteractor.h */ = {isa = PBXFileReference; includeInIndex = 1; lastKnownFileType = sourcecode.c.h; path = mapInteractor.h; sourceTree = "<group>"; };
		2CD7EFAFD8D187C3D57CF1D2 /* mapRouter.h */ = {isa = PBXFileReference; includeInIndex = 1; lastKnownFileType = sourcecode.c.h; path = mapRouter.h; sourceTree = "<group>"; };
		3657AEE0053D156712C5FD6B /* Pods_GeoTransportationGame.framework */ = {isa = PBXFileReference; explicitFileType = wrapper.framework; includeInIndex = 0; path = Pods_GeoTransportationGame.framework; sourceTree = BUILT_PRODUCTS_DIR; };
		36DC0FFD2EC0D59026D326F4 /* MapModuleInput.h */ = {isa = PBXFileReference; includeInIndex = 1; lastKnownFileType = sourcecode.c.h; path = MapModuleInput.h; sourceTree = "<group>"; };
		39F4CEC06101733998D1EC85 /* MapRouter.h */ = {isa = PBXFileReference; includeInIndex = 1; lastKnownFileType = sourcecode.c.h; path = MapRouter.h; sourceTree = "<group>"; };
		3CFA643D9C5DB4548F1A77FE /* MapInteractor.h */ = {isa = PBXFileReference; includeInIndex = 1; lastKnownFileType = sourcecode.c.h; path = MapInteractor.h; sourceTree = "<group>"; };
		41DDF8271D710463DC6A43A1 /* MapInteractor.m */ = {isa = PBXFileReference; includeInIndex = 1; lastKnownFileType = sourcecode.c.objc; path = MapInteractor.m; sourceTree = "<group>"; };
		495D8C154154D00C9E39BEA9 /* mapPresenter.m */ = {isa = PBXFileReference; includeInIndex = 1; lastKnownFileType = sourcecode.c.objc; path = mapPresenter.m; sourceTree = "<group>"; };
		4E0352E28A0BD0E4EA0F20F1 /* mapViewController.h */ = {isa = PBXFileReference; includeInIndex = 1; lastKnownFileType = sourcecode.c.h; path = mapViewController.h; sourceTree = "<group>"; };
		59D9544806BE043419883F37 /* mapRouter.m */ = {isa = PBXFileReference; includeInIndex = 1; lastKnownFileType = sourcecode.c.objc; path = mapRouter.m; sourceTree = "<group>"; };
		5C96296BD941FC3B76EA9DC7 /* MapViewOutput.h */ = {isa = PBXFileReference; includeInIndex = 1; lastKnownFileType = sourcecode.c.h; path = MapViewOutput.h; sourceTree = "<group>"; };
		628C7426060D4D33F55E03D0 /* Pods-GeoTransportationGame.debug.xcconfig */ = {isa = PBXFileReference; includeInIndex = 1; lastKnownFileType = text.xcconfig; name = "Pods-GeoTransportationGame.debug.xcconfig"; path = "Pods/Target Support Files/Pods-GeoTransportationGame/Pods-GeoTransportationGame.debug.xcconfig"; sourceTree = "<group>"; };
		6A5889CE0BCBDC872F8A2ACC /* MapRouter.m */ = {isa = PBXFileReference; includeInIndex = 1; lastKnownFileType = sourcecode.c.objc; path = MapRouter.m; sourceTree = "<group>"; };
		721665EA78BC8989DF670D29 /* mapAssembly.h */ = {isa = PBXFileReference; includeInIndex = 1; lastKnownFileType = sourcecode.c.h; path = mapAssembly.h; sourceTree = "<group>"; };
		764511A8C653942E9025010D /* mapModuleInput.h */ = {isa = PBXFileReference; includeInIndex = 1; lastKnownFileType = sourcecode.c.h; path = mapModuleInput.h; sourceTree = "<group>"; };
		7E678134238F7EEF0026DA22 /* GeoTransportationGame.app */ = {isa = PBXFileReference; explicitFileType = wrapper.application; includeInIndex = 0; path = GeoTransportationGame.app; sourceTree = BUILT_PRODUCTS_DIR; };
		7E678137238F7EEF0026DA22 /* AppDelegate.swift */ = {isa = PBXFileReference; lastKnownFileType = sourcecode.swift; path = AppDelegate.swift; sourceTree = "<group>"; };
		7E678139238F7EEF0026DA22 /* SceneDelegate.swift */ = {isa = PBXFileReference; lastKnownFileType = sourcecode.swift; path = SceneDelegate.swift; sourceTree = "<group>"; };
		7E67813B238F7EEF0026DA22 /* ViewController.swift */ = {isa = PBXFileReference; lastKnownFileType = sourcecode.swift; path = ViewController.swift; sourceTree = "<group>"; };
		7E67813E238F7EEF0026DA22 /* Base */ = {isa = PBXFileReference; lastKnownFileType = file.storyboard; name = Base; path = Base.lproj/Main.storyboard; sourceTree = "<group>"; };
		7E678140238F7EF20026DA22 /* Assets.xcassets */ = {isa = PBXFileReference; lastKnownFileType = folder.assetcatalog; path = Assets.xcassets; sourceTree = "<group>"; };
		7E678143238F7EF20026DA22 /* Base */ = {isa = PBXFileReference; lastKnownFileType = file.storyboard; name = Base; path = Base.lproj/LaunchScreen.storyboard; sourceTree = "<group>"; };
		7E678145238F7EF20026DA22 /* Info.plist */ = {isa = PBXFileReference; lastKnownFileType = text.plist.xml; path = Info.plist; sourceTree = "<group>"; };
		858DAF28C13DAE7473A77DB4 /* MapPresenter.m */ = {isa = PBXFileReference; includeInIndex = 1; lastKnownFileType = sourcecode.c.objc; path = MapPresenter.m; sourceTree = "<group>"; };
		8E730580F7ACE46D711072AA /* MapViewInput.h */ = {isa = PBXFileReference; includeInIndex = 1; lastKnownFileType = sourcecode.c.h; path = MapViewInput.h; sourceTree = "<group>"; };
		9B666134C27EAAC588039EB2 /* MapAssembly.h */ = {isa = PBXFileReference; includeInIndex = 1; lastKnownFileType = sourcecode.c.h; path = MapAssembly.h; sourceTree = "<group>"; };
		A4ACEEDAD3C2F03624FD4E5C /* mapViewInput.h */ = {isa = PBXFileReference; includeInIndex = 1; lastKnownFileType = sourcecode.c.h; path = mapViewInput.h; sourceTree = "<group>"; };
		B0556FE82AD8FD5A58159FC4 /* mapInteractorInput.h */ = {isa = PBXFileReference; includeInIndex = 1; lastKnownFileType = sourcecode.c.h; path = mapInteractorInput.h; sourceTree = "<group>"; };
		B56E4939BDC93C59FF21FB6B /* mapInteractor.m */ = {isa = PBXFileReference; includeInIndex = 1; lastKnownFileType = sourcecode.c.objc; path = mapInteractor.m; sourceTree = "<group>"; };
		CA595FC32D30286C0EA3ED50 /* MapViewController.m */ = {isa = PBXFileReference; includeInIndex = 1; lastKnownFileType = sourcecode.c.objc; path = MapViewController.m; sourceTree = "<group>"; };
		D100F8CC4437E8B9667FB793 /* MapInteractorOutput.h */ = {isa = PBXFileReference; includeInIndex = 1; lastKnownFileType = sourcecode.c.h; path = MapInteractorOutput.h; sourceTree = "<group>"; };
		D317E91E1B14A981DD191DFE /* mapPresenter.h */ = {isa = PBXFileReference; includeInIndex = 1; lastKnownFileType = sourcecode.c.h; path = mapPresenter.h; sourceTree = "<group>"; };
		DB4350179F77CC06A7A1809B /* mapAssembly.m */ = {isa = PBXFileReference; includeInIndex = 1; lastKnownFileType = sourcecode.c.objc; path = mapAssembly.m; sourceTree = "<group>"; };
		DCE762459DD6CDD5332BF224 /* mapRouterInput.h */ = {isa = PBXFileReference; includeInIndex = 1; lastKnownFileType = sourcecode.c.h; path = mapRouterInput.h; sourceTree = "<group>"; };
		DE85CBD3387EF487D8C75F32 /* Pods-GeoTransportationGame.release.xcconfig */ = {isa = PBXFileReference; includeInIndex = 1; lastKnownFileType = text.xcconfig; name = "Pods-GeoTransportationGame.release.xcconfig"; path = "Pods/Target Support Files/Pods-GeoTransportationGame/Pods-GeoTransportationGame.release.xcconfig"; sourceTree = "<group>"; };
		DEC3550D5873DC78B01BB625 /* MapAssembly.m */ = {isa = PBXFileReference; includeInIndex = 1; lastKnownFileType = sourcecode.c.objc; path = MapAssembly.m; sourceTree = "<group>"; };
		E1D3A314E75F49E12C2C3536 /* mapViewController.m */ = {isa = PBXFileReference; includeInIndex = 1; lastKnownFileType = sourcecode.c.objc; path = mapViewController.m; sourceTree = "<group>"; };
		E68BCB6FE83E50039A61D6C7 /* MapInteractorInput.h */ = {isa = PBXFileReference; includeInIndex = 1; lastKnownFileType = sourcecode.c.h; path = MapInteractorInput.h; sourceTree = "<group>"; };
		FCAA358CB72801E9A19B55ED /* MapViewController.h */ = {isa = PBXFileReference; includeInIndex = 1; lastKnownFileType = sourcecode.c.h; path = MapViewController.h; sourceTree = "<group>"; };
/* End PBXFileReference section */

/* Begin PBXFrameworksBuildPhase section */
		7E678131238F7EEF0026DA22 /* Frameworks */ = {
			isa = PBXFrameworksBuildPhase;
			buildActionMask = 2147483647;
			files = (
				533E4F6C659D572599D3A89D /* Pods_GeoTransportationGame.framework in Frameworks */,
			);
			runOnlyForDeploymentPostprocessing = 0;
		};
/* End PBXFrameworksBuildPhase section */

/* Begin PBXGroup section */
		0AE3B5681C81844CC2555CE1 /* View */ = {
			isa = PBXGroup;
			children = (
				A4ACEEDAD3C2F03624FD4E5C /* mapViewInput.h */,
				104F3885CDCCA7526D519496 /* mapViewOutput.h */,
				4E0352E28A0BD0E4EA0F20F1 /* mapViewController.h */,
				E1D3A314E75F49E12C2C3536 /* mapViewController.m */,
			);
			name = View;
			path = View;
			sourceTree = "<group>";
		};
		10390879FCA6C131FE4A9745 /* Modules */ = {
			isa = PBXGroup;
			children = (
				F5B2031CA5ADCCB9934E3810 /* map */,
			);
			name = Modules;
			path = Modules;
			sourceTree = "<group>";
		};
		4D4D874532D94EB173C61858 /* Router */ = {
			isa = PBXGroup;
			children = (
				DCE762459DD6CDD5332BF224 /* mapRouterInput.h */,
				2CD7EFAFD8D187C3D57CF1D2 /* mapRouter.h */,
				59D9544806BE043419883F37 /* mapRouter.m */,
			);
			name = Router;
			path = Router;
			sourceTree = "<group>";
		};
		511A58014EB6E21644D3321A /* Frameworks */ = {
			isa = PBXGroup;
			children = (
				3657AEE0053D156712C5FD6B /* Pods_GeoTransportationGame.framework */,
			);
			name = Frameworks;
			sourceTree = "<group>";
		};
		58FAE0D08A557177155AE70B /* Router */ = {
			isa = PBXGroup;
			children = (
				038660983B4244DFB7C16546 /* MapRouterInput.h */,
				39F4CEC06101733998D1EC85 /* MapRouter.h */,
				6A5889CE0BCBDC872F8A2ACC /* MapRouter.m */,
			);
			name = Router;
			path = Router;
			sourceTree = "<group>";
		};
		6121376CCB69C76D49832925 /* Classes */ = {
			isa = PBXGroup;
			children = (
				10390879FCA6C131FE4A9745 /* Modules */,
			);
			name = Classes;
			path = Classes;
			sourceTree = "<group>";
		};
		7899A41E8D197E2A45DBE396 /* Interactor */ = {
			isa = PBXGroup;
			children = (
				E68BCB6FE83E50039A61D6C7 /* MapInteractorInput.h */,
				D100F8CC4437E8B9667FB793 /* MapInteractorOutput.h */,
				3CFA643D9C5DB4548F1A77FE /* MapInteractor.h */,
				41DDF8271D710463DC6A43A1 /* MapInteractor.m */,
			);
			name = Interactor;
			path = Interactor;
			sourceTree = "<group>";
		};
		7E67812B238F7EEF0026DA22 = {
			isa = PBXGroup;
			children = (
				7E678136238F7EEF0026DA22 /* GeoTransportationGame */,
				7E678135238F7EEF0026DA22 /* Products */,
				7FD49022163C381B3CDB2594 /* Pods */,
				511A58014EB6E21644D3321A /* Frameworks */,
			);
			sourceTree = "<group>";
		};
		7E678135238F7EEF0026DA22 /* Products */ = {
			isa = PBXGroup;
			children = (
				7E678134238F7EEF0026DA22 /* GeoTransportationGame.app */,
			);
			name = Products;
			sourceTree = "<group>";
		};
		7E678136238F7EEF0026DA22 /* GeoTransportationGame */ = {
			isa = PBXGroup;
			children = (
				7E678137238F7EEF0026DA22 /* AppDelegate.swift */,
				7E678139238F7EEF0026DA22 /* SceneDelegate.swift */,
				7E67813B238F7EEF0026DA22 /* ViewController.swift */,
				7E67813D238F7EEF0026DA22 /* Main.storyboard */,
				7E678140238F7EF20026DA22 /* Assets.xcassets */,
				7E678142238F7EF20026DA22 /* LaunchScreen.storyboard */,
				7E678145238F7EF20026DA22 /* Info.plist */,
				C54CD3CED0E662522295258E /* Map */,
				6121376CCB69C76D49832925 /* Classes */,
			);
			path = GeoTransportationGame;
			sourceTree = "<group>";
		};
		7FD49022163C381B3CDB2594 /* Pods */ = {
			isa = PBXGroup;
			children = (
				628C7426060D4D33F55E03D0 /* Pods-GeoTransportationGame.debug.xcconfig */,
				DE85CBD3387EF487D8C75F32 /* Pods-GeoTransportationGame.release.xcconfig */,
			);
			name = Pods;
			sourceTree = "<group>";
		};
		9540D7FB213F0931951E41D2 /* Interactor */ = {
			isa = PBXGroup;
			children = (
				B0556FE82AD8FD5A58159FC4 /* mapInteractorInput.h */,
				0386F8324D6E7B84E33C1D1D /* mapInteractorOutput.h */,
				29122C89E26A297FDBE60E01 /* mapInteractor.h */,
				B56E4939BDC93C59FF21FB6B /* mapInteractor.m */,
			);
			name = Interactor;
			path = Interactor;
			sourceTree = "<group>";
		};
		A4E0134EC23B3CF050C053C3 /* Presenter */ = {
			isa = PBXGroup;
			children = (
				36DC0FFD2EC0D59026D326F4 /* MapModuleInput.h */,
				1CF824D35321A4668A1B071B /* MapPresenter.h */,
				858DAF28C13DAE7473A77DB4 /* MapPresenter.m */,
			);
			name = Presenter;
			path = Presenter;
			sourceTree = "<group>";
		};
		AC78D4D1ABC86E11F6A48914 /* Assembly */ = {
			isa = PBXGroup;
			children = (
				721665EA78BC8989DF670D29 /* mapAssembly.h */,
				DB4350179F77CC06A7A1809B /* mapAssembly.m */,
			);
			name = Assembly;
			path = Assembly;
			sourceTree = "<group>";
		};
		C54CD3CED0E662522295258E /* Map */ = {
			isa = PBXGroup;
			children = (
				D773E5D87FA7CEAB4DAD2A84 /* Assembly */,
				D7862A8635FEAA2635519EBE /* View */,
				A4E0134EC23B3CF050C053C3 /* Presenter */,
				7899A41E8D197E2A45DBE396 /* Interactor */,
				58FAE0D08A557177155AE70B /* Router */,
			);
			name = Map;
			path = Map;
			sourceTree = SOURCE_ROOT;
		};
		CC48D87641C2F08F19018873 /* Presenter */ = {
			isa = PBXGroup;
			children = (
				764511A8C653942E9025010D /* mapModuleInput.h */,
				D317E91E1B14A981DD191DFE /* mapPresenter.h */,
				495D8C154154D00C9E39BEA9 /* mapPresenter.m */,
			);
			name = Presenter;
			path = Presenter;
			sourceTree = "<group>";
		};
		D773E5D87FA7CEAB4DAD2A84 /* Assembly */ = {
			isa = PBXGroup;
			children = (
				9B666134C27EAAC588039EB2 /* MapAssembly.h */,
				DEC3550D5873DC78B01BB625 /* MapAssembly.m */,
			);
			name = Assembly;
			path = Assembly;
			sourceTree = "<group>";
		};
		D7862A8635FEAA2635519EBE /* View */ = {
			isa = PBXGroup;
			children = (
				8E730580F7ACE46D711072AA /* MapViewInput.h */,
				5C96296BD941FC3B76EA9DC7 /* MapViewOutput.h */,
				FCAA358CB72801E9A19B55ED /* MapViewController.h */,
				CA595FC32D30286C0EA3ED50 /* MapViewController.m */,
			);
			name = View;
			path = View;
			sourceTree = "<group>";
		};
		F5B2031CA5ADCCB9934E3810 /* map */ = {
			isa = PBXGroup;
			children = (
				AC78D4D1ABC86E11F6A48914 /* Assembly */,
				0AE3B5681C81844CC2555CE1 /* View */,
				CC48D87641C2F08F19018873 /* Presenter */,
				9540D7FB213F0931951E41D2 /* Interactor */,
				4D4D874532D94EB173C61858 /* Router */,
			);
			name = map;
			path = map;
			sourceTree = "<group>";
		};
/* End PBXGroup section */

/* Begin PBXNativeTarget section */
		7E678133238F7EEF0026DA22 /* GeoTransportationGame */ = {
			isa = PBXNativeTarget;
			buildConfigurationList = 7E678148238F7EF20026DA22 /* Build configuration list for PBXNativeTarget "GeoTransportationGame" */;
			buildPhases = (
				DC70E544BABAFCCFD8DDFE73 /* [CP] Check Pods Manifest.lock */,
				7E678130238F7EEF0026DA22 /* Sources */,
				7E678131238F7EEF0026DA22 /* Frameworks */,
				7E678132238F7EEF0026DA22 /* Resources */,
			);
			buildRules = (
			);
			dependencies = (
			);
			name = GeoTransportationGame;
			productName = GeoTransportationGame;
			productReference = 7E678134238F7EEF0026DA22 /* GeoTransportationGame.app */;
			productType = "com.apple.product-type.application";
		};
/* End PBXNativeTarget section */

/* Begin PBXProject section */
		7E67812C238F7EEF0026DA22 /* Project object */ = {
			isa = PBXProject;
			attributes = {
				LastSwiftUpdateCheck = 1120;
				LastUpgradeCheck = 1120;
				ORGANIZATIONNAME = "Matthew Krager";
				TargetAttributes = {
					7E678133238F7EEF0026DA22 = {
						CreatedOnToolsVersion = 11.2.1;
					};
				};
			};
			buildConfigurationList = 7E67812F238F7EEF0026DA22 /* Build configuration list for PBXProject "GeoTransportationGame" */;
			compatibilityVersion = "Xcode 9.3";
			developmentRegion = en;
			hasScannedForEncodings = 0;
			knownRegions = (
				en,
				Base,
			);
			mainGroup = 7E67812B238F7EEF0026DA22;
			productRefGroup = 7E678135238F7EEF0026DA22 /* Products */;
			projectDirPath = "";
			projectRoot = "";
			targets = (
				7E678133238F7EEF0026DA22 /* GeoTransportationGame */,
			);
		};
/* End PBXProject section */

/* Begin PBXResourcesBuildPhase section */
		7E678132238F7EEF0026DA22 /* Resources */ = {
			isa = PBXResourcesBuildPhase;
			buildActionMask = 2147483647;
			files = (
				7E678144238F7EF20026DA22 /* LaunchScreen.storyboard in Resources */,
				7E678141238F7EF20026DA22 /* Assets.xcassets in Resources */,
				7E67813F238F7EEF0026DA22 /* Main.storyboard in Resources */,
			);
			runOnlyForDeploymentPostprocessing = 0;
		};
/* End PBXResourcesBuildPhase section */

/* Begin PBXShellScriptBuildPhase section */
		DC70E544BABAFCCFD8DDFE73 /* [CP] Check Pods Manifest.lock */ = {
			isa = PBXShellScriptBuildPhase;
			buildActionMask = 2147483647;
			files = (
			);
			inputPaths = (
				"${PODS_PODFILE_DIR_PATH}/Podfile.lock",
				"${PODS_ROOT}/Manifest.lock",
			);
			name = "[CP] Check Pods Manifest.lock";
			outputPaths = (
				"$(DERIVED_FILE_DIR)/Pods-GeoTransportationGame-checkManifestLockResult.txt",
			);
			runOnlyForDeploymentPostprocessing = 0;
			shellPath = /bin/sh;
			shellScript = "diff \"${PODS_PODFILE_DIR_PATH}/Podfile.lock\" \"${PODS_ROOT}/Manifest.lock\" > /dev/null\nif [ $? != 0 ] ; then\n    # print error to STDERR\n    echo \"error: The sandbox is not in sync with the Podfile.lock. Run 'pod install' or update your CocoaPods installation.\" >&2\n    exit 1\nfi\n# This output is used by Xcode 'outputs' to avoid re-running this script phase.\necho \"SUCCESS\" > \"${SCRIPT_OUTPUT_FILE_0}\"\n";
			showEnvVarsInLog = 0;
		};
/* End PBXShellScriptBuildPhase section */

/* Begin PBXSourcesBuildPhase section */
		7E678130238F7EEF0026DA22 /* Sources */ = {
			isa = PBXSourcesBuildPhase;
			buildActionMask = 2147483647;
			files = (
				7E67813C238F7EEF0026DA22 /* ViewController.swift in Sources */,
				7E678138238F7EEF0026DA22 /* AppDelegate.swift in Sources */,
				7E67813A238F7EEF0026DA22 /* SceneDelegate.swift in Sources */,
				41F00101B1EE53B214C5AE1E /* MapAssembly.m in Sources */,
				1122821D9949AD594F087B0F /* MapViewController.m in Sources */,
				5781F8746BCC08D1A81BE2B0 /* MapPresenter.m in Sources */,
				9FC1EABFB9947D2D0315A9FA /* MapInteractor.m in Sources */,
				CDD38E126DA70445D958FBA4 /* MapRouter.m in Sources */,
				2B9B024C1F346C75282DC6EC /* mapAssembly.m in Sources */,
				9EDEE2B079C59F01F82ADE51 /* mapViewController.m in Sources */,
				751464F05199D87B62127A67 /* mapPresenter.m in Sources */,
				C2C3CB5A0422C58FF7BAB01D /* mapInteractor.m in Sources */,
				088F377EA76FBEBAE6D56AEE /* mapRouter.m in Sources */,
			);
			runOnlyForDeploymentPostprocessing = 0;
		};
/* End PBXSourcesBuildPhase section */

/* Begin PBXVariantGroup section */
		7E67813D238F7EEF0026DA22 /* Main.storyboard */ = {
			isa = PBXVariantGroup;
			children = (
				7E67813E238F7EEF0026DA22 /* Base */,
			);
			name = Main.storyboard;
			sourceTree = "<group>";
		};
		7E678142238F7EF20026DA22 /* LaunchScreen.storyboard */ = {
			isa = PBXVariantGroup;
			children = (
				7E678143238F7EF20026DA22 /* Base */,
			);
			name = LaunchScreen.storyboard;
			sourceTree = "<group>";
		};
/* End PBXVariantGroup section */

/* Begin XCBuildConfiguration section */
		7E678146238F7EF20026DA22 /* Debug */ = {
			isa = XCBuildConfiguration;
			buildSettings = {
				ALWAYS_SEARCH_USER_PATHS = NO;
				CLANG_ANALYZER_NONNULL = YES;
				CLANG_ANALYZER_NUMBER_OBJECT_CONVERSION = YES_AGGRESSIVE;
				CLANG_CXX_LANGUAGE_STANDARD = "gnu++14";
				CLANG_CXX_LIBRARY = "libc++";
				CLANG_ENABLE_MODULES = YES;
				CLANG_ENABLE_OBJC_ARC = YES;
				CLANG_ENABLE_OBJC_WEAK = YES;
				CLANG_WARN_BLOCK_CAPTURE_AUTORELEASING = YES;
				CLANG_WARN_BOOL_CONVERSION = YES;
				CLANG_WARN_COMMA = YES;
				CLANG_WARN_CONSTANT_CONVERSION = YES;
				CLANG_WARN_DEPRECATED_OBJC_IMPLEMENTATIONS = YES;
				CLANG_WARN_DIRECT_OBJC_ISA_USAGE = YES_ERROR;
				CLANG_WARN_DOCUMENTATION_COMMENTS = YES;
				CLANG_WARN_EMPTY_BODY = YES;
				CLANG_WARN_ENUM_CONVERSION = YES;
				CLANG_WARN_INFINITE_RECURSION = YES;
				CLANG_WARN_INT_CONVERSION = YES;
				CLANG_WARN_NON_LITERAL_NULL_CONVERSION = YES;
				CLANG_WARN_OBJC_IMPLICIT_RETAIN_SELF = YES;
				CLANG_WARN_OBJC_LITERAL_CONVERSION = YES;
				CLANG_WARN_OBJC_ROOT_CLASS = YES_ERROR;
				CLANG_WARN_RANGE_LOOP_ANALYSIS = YES;
				CLANG_WARN_STRICT_PROTOTYPES = YES;
				CLANG_WARN_SUSPICIOUS_MOVE = YES;
				CLANG_WARN_UNGUARDED_AVAILABILITY = YES_AGGRESSIVE;
				CLANG_WARN_UNREACHABLE_CODE = YES;
				CLANG_WARN__DUPLICATE_METHOD_MATCH = YES;
				COPY_PHASE_STRIP = NO;
				DEBUG_INFORMATION_FORMAT = dwarf;
				ENABLE_STRICT_OBJC_MSGSEND = YES;
				ENABLE_TESTABILITY = YES;
				GCC_C_LANGUAGE_STANDARD = gnu11;
				GCC_DYNAMIC_NO_PIC = NO;
				GCC_NO_COMMON_BLOCKS = YES;
				GCC_OPTIMIZATION_LEVEL = 0;
				GCC_PREPROCESSOR_DEFINITIONS = (
					"DEBUG=1",
					"$(inherited)",
				);
				GCC_WARN_64_TO_32_BIT_CONVERSION = YES;
				GCC_WARN_ABOUT_RETURN_TYPE = YES_ERROR;
				GCC_WARN_UNDECLARED_SELECTOR = YES;
				GCC_WARN_UNINITIALIZED_AUTOS = YES_AGGRESSIVE;
				GCC_WARN_UNUSED_FUNCTION = YES;
				GCC_WARN_UNUSED_VARIABLE = YES;
				IPHONEOS_DEPLOYMENT_TARGET = 13.2;
				MTL_ENABLE_DEBUG_INFO = INCLUDE_SOURCE;
				MTL_FAST_MATH = YES;
				ONLY_ACTIVE_ARCH = YES;
				SDKROOT = iphoneos;
				SWIFT_ACTIVE_COMPILATION_CONDITIONS = DEBUG;
				SWIFT_OPTIMIZATION_LEVEL = "-Onone";
			};
			name = Debug;
		};
		7E678147238F7EF20026DA22 /* Release */ = {
			isa = XCBuildConfiguration;
			buildSettings = {
				ALWAYS_SEARCH_USER_PATHS = NO;
				CLANG_ANALYZER_NONNULL = YES;
				CLANG_ANALYZER_NUMBER_OBJECT_CONVERSION = YES_AGGRESSIVE;
				CLANG_CXX_LANGUAGE_STANDARD = "gnu++14";
				CLANG_CXX_LIBRARY = "libc++";
				CLANG_ENABLE_MODULES = YES;
				CLANG_ENABLE_OBJC_ARC = YES;
				CLANG_ENABLE_OBJC_WEAK = YES;
				CLANG_WARN_BLOCK_CAPTURE_AUTORELEASING = YES;
				CLANG_WARN_BOOL_CONVERSION = YES;
				CLANG_WARN_COMMA = YES;
				CLANG_WARN_CONSTANT_CONVERSION = YES;
				CLANG_WARN_DEPRECATED_OBJC_IMPLEMENTATIONS = YES;
				CLANG_WARN_DIRECT_OBJC_ISA_USAGE = YES_ERROR;
				CLANG_WARN_DOCUMENTATION_COMMENTS = YES;
				CLANG_WARN_EMPTY_BODY = YES;
				CLANG_WARN_ENUM_CONVERSION = YES;
				CLANG_WARN_INFINITE_RECURSION = YES;
				CLANG_WARN_INT_CONVERSION = YES;
				CLANG_WARN_NON_LITERAL_NULL_CONVERSION = YES;
				CLANG_WARN_OBJC_IMPLICIT_RETAIN_SELF = YES;
				CLANG_WARN_OBJC_LITERAL_CONVERSION = YES;
				CLANG_WARN_OBJC_ROOT_CLASS = YES_ERROR;
				CLANG_WARN_RANGE_LOOP_ANALYSIS = YES;
				CLANG_WARN_STRICT_PROTOTYPES = YES;
				CLANG_WARN_SUSPICIOUS_MOVE = YES;
				CLANG_WARN_UNGUARDED_AVAILABILITY = YES_AGGRESSIVE;
				CLANG_WARN_UNREACHABLE_CODE = YES;
				CLANG_WARN__DUPLICATE_METHOD_MATCH = YES;
				COPY_PHASE_STRIP = NO;
				DEBUG_INFORMATION_FORMAT = "dwarf-with-dsym";
				ENABLE_NS_ASSERTIONS = NO;
				ENABLE_STRICT_OBJC_MSGSEND = YES;
				GCC_C_LANGUAGE_STANDARD = gnu11;
				GCC_NO_COMMON_BLOCKS = YES;
				GCC_WARN_64_TO_32_BIT_CONVERSION = YES;
				GCC_WARN_ABOUT_RETURN_TYPE = YES_ERROR;
				GCC_WARN_UNDECLARED_SELECTOR = YES;
				GCC_WARN_UNINITIALIZED_AUTOS = YES_AGGRESSIVE;
				GCC_WARN_UNUSED_FUNCTION = YES;
				GCC_WARN_UNUSED_VARIABLE = YES;
				IPHONEOS_DEPLOYMENT_TARGET = 13.2;
				MTL_ENABLE_DEBUG_INFO = NO;
				MTL_FAST_MATH = YES;
				SDKROOT = iphoneos;
				SWIFT_COMPILATION_MODE = wholemodule;
				SWIFT_OPTIMIZATION_LEVEL = "-O";
				VALIDATE_PRODUCT = YES;
			};
			name = Release;
		};
		7E678149238F7EF20026DA22 /* Debug */ = {
			isa = XCBuildConfiguration;
			baseConfigurationReference = 628C7426060D4D33F55E03D0 /* Pods-GeoTransportationGame.debug.xcconfig */;
			buildSettings = {
				ASSETCATALOG_COMPILER_APPICON_NAME = AppIcon;
				CODE_SIGN_STYLE = Automatic;
				DEVELOPMENT_TEAM = 2MD9NK2MQ3;
				INFOPLIST_FILE = GeoTransportationGame/Info.plist;
				LD_RUNPATH_SEARCH_PATHS = (
					"$(inherited)",
					"@executable_path/Frameworks",
				);
				PRODUCT_BUNDLE_IDENTIFIER = Krager.GeoTransportationGame;
				PRODUCT_NAME = "$(TARGET_NAME)";
				SWIFT_VERSION = 5.0;
				TARGETED_DEVICE_FAMILY = "1,2";
			};
			name = Debug;
		};
		7E67814A238F7EF20026DA22 /* Release */ = {
			isa = XCBuildConfiguration;
			baseConfigurationReference = DE85CBD3387EF487D8C75F32 /* Pods-GeoTransportationGame.release.xcconfig */;
			buildSettings = {
				ASSETCATALOG_COMPILER_APPICON_NAME = AppIcon;
				CODE_SIGN_STYLE = Automatic;
				DEVELOPMENT_TEAM = 2MD9NK2MQ3;
				INFOPLIST_FILE = GeoTransportationGame/Info.plist;
				LD_RUNPATH_SEARCH_PATHS = (
					"$(inherited)",
					"@executable_path/Frameworks",
				);
				PRODUCT_BUNDLE_IDENTIFIER = Krager.GeoTransportationGame;
				PRODUCT_NAME = "$(TARGET_NAME)";
				SWIFT_VERSION = 5.0;
				TARGETED_DEVICE_FAMILY = "1,2";
			};
			name = Release;
		};
/* End XCBuildConfiguration section */

/* Begin XCConfigurationList section */
		7E67812F238F7EEF0026DA22 /* Build configuration list for PBXProject "GeoTransportationGame" */ = {
			isa = XCConfigurationList;
			buildConfigurations = (
				7E678146238F7EF20026DA22 /* Debug */,
				7E678147238F7EF20026DA22 /* Release */,
			);
			defaultConfigurationIsVisible = 0;
			defaultConfigurationName = Release;
		};
		7E678148238F7EF20026DA22 /* Build configuration list for PBXNativeTarget "GeoTransportationGame" */ = {
			isa = XCConfigurationList;
			buildConfigurations = (
				7E678149238F7EF20026DA22 /* Debug */,
				7E67814A238F7EF20026DA22 /* Release */,
			);
			defaultConfigurationIsVisible = 0;
			defaultConfigurationName = Release;
		};
/* End XCConfigurationList section */
	};
	rootObject = 7E67812C238F7EEF0026DA22 /* Project object */;
}
