// !$*UTF8*$!
{
	archiveVersion = 1;
	classes = {
	};
	objectVersion = 50;
	objects = {

/* Begin PBXBuildFile section */
		1EC1BA9A75ED49DC5B921033 /* MainModuleInput.swift in Sources */ = {isa = PBXBuildFile; fileRef = E8BEDBA1385F9EF083FFCE57 /* MainModuleInput.swift */; };
		3657E753F373D630421CB2B3 /* MainRouter.swift in Sources */ = {isa = PBXBuildFile; fileRef = CC19D21E5AB0AECAF18ED4BB /* MainRouter.swift */; };
		444C9AAFEB7D82B162A289F5 /* MainConfigurator.swift in Sources */ = {isa = PBXBuildFile; fileRef = 5E55AB1E0B220C70DEAB6467 /* MainConfigurator.swift */; };
		533E4F6C659D572599D3A89D /* Pods_GeoTransportationGame.framework in Frameworks */ = {isa = PBXBuildFile; fileRef = 3657AEE0053D156712C5FD6B /* Pods_GeoTransportationGame.framework */; };
		68CC641B13FA8D056FE7F224 /* MainRouterInput.swift in Sources */ = {isa = PBXBuildFile; fileRef = 3C6CAD7D91F88BD9BF56EF6C /* MainRouterInput.swift */; };
		7C4B7AF3B2805549564C95F2 /* MainViewInput.swift in Sources */ = {isa = PBXBuildFile; fileRef = 68F1AEAA34A02E32DEBE651D /* MainViewInput.swift */; };
		7E678138238F7EEF0026DA22 /* AppDelegate.swift in Sources */ = {isa = PBXBuildFile; fileRef = 7E678137238F7EEF0026DA22 /* AppDelegate.swift */; };
		7E67813A238F7EEF0026DA22 /* SceneDelegate.swift in Sources */ = {isa = PBXBuildFile; fileRef = 7E678139238F7EEF0026DA22 /* SceneDelegate.swift */; };
		7E678141238F7EF20026DA22 /* Assets.xcassets in Resources */ = {isa = PBXBuildFile; fileRef = 7E678140238F7EF20026DA22 /* Assets.xcassets */; };
		7E678144238F7EF20026DA22 /* LaunchScreen.storyboard in Resources */ = {isa = PBXBuildFile; fileRef = 7E678142238F7EF20026DA22 /* LaunchScreen.storyboard */; };
		7E67814C239049700026DA22 /* MapKit.framework in Frameworks */ = {isa = PBXBuildFile; fileRef = 7E67814B2390496F0026DA22 /* MapKit.framework */; };
		7E67814E239049D30026DA22 /* MainViewController+Constraints.swift in Sources */ = {isa = PBXBuildFile; fileRef = 7E67814D239049D30026DA22 /* MainViewController+Constraints.swift */; };
		85C40F1AF22CFA0C0F177F61 /* MainInteractorInput.swift in Sources */ = {isa = PBXBuildFile; fileRef = FB88BA50A5A4DA117FBC78BB /* MainInteractorInput.swift */; };
		A8325A793B68DB4E4FBA840C /* MainInitializer.swift in Sources */ = {isa = PBXBuildFile; fileRef = AF52CE2BD4D25DA8B910956D /* MainInitializer.swift */; };
		BACCC626A5A5FAD824EAB061 /* MainViewController.swift in Sources */ = {isa = PBXBuildFile; fileRef = F52129BC5F6D8A124133E32C /* MainViewController.swift */; };
		D008A82162F033BD1914A426 /* MainInteractor.swift in Sources */ = {isa = PBXBuildFile; fileRef = 2A68B43CECB1B52CEC8A1863 /* MainInteractor.swift */; };
		D3A0C45227EAADC169F8DDDF /* MainViewOutput.swift in Sources */ = {isa = PBXBuildFile; fileRef = ADCB0FEC320182370B4BD463 /* MainViewOutput.swift */; };
		F973DC241917EEFFE60DF133 /* MainInteractorOutput.swift in Sources */ = {isa = PBXBuildFile; fileRef = 3F48DF9AB67519C2B57FE182 /* MainInteractorOutput.swift */; };
		FD042937C62902BCE38A3F3D /* MainPresenter.swift in Sources */ = {isa = PBXBuildFile; fileRef = CC01135D184EC2FEA9342DBC /* MainPresenter.swift */; };
/* End PBXBuildFile section */

/* Begin PBXFileReference section */
		2A68B43CECB1B52CEC8A1863 /* MainInteractor.swift */ = {isa = PBXFileReference; includeInIndex = 1; lastKnownFileType = sourcecode.swift; path = MainInteractor.swift; sourceTree = "<group>"; };
		3657AEE0053D156712C5FD6B /* Pods_GeoTransportationGame.framework */ = {isa = PBXFileReference; explicitFileType = wrapper.framework; includeInIndex = 0; path = Pods_GeoTransportationGame.framework; sourceTree = BUILT_PRODUCTS_DIR; };
		3C6CAD7D91F88BD9BF56EF6C /* MainRouterInput.swift */ = {isa = PBXFileReference; includeInIndex = 1; lastKnownFileType = sourcecode.swift; path = MainRouterInput.swift; sourceTree = "<group>"; };
		3F48DF9AB67519C2B57FE182 /* MainInteractorOutput.swift */ = {isa = PBXFileReference; includeInIndex = 1; lastKnownFileType = sourcecode.swift; path = MainInteractorOutput.swift; sourceTree = "<group>"; };
		5E55AB1E0B220C70DEAB6467 /* MainConfigurator.swift */ = {isa = PBXFileReference; includeInIndex = 1; lastKnownFileType = sourcecode.swift; path = MainConfigurator.swift; sourceTree = "<group>"; };
		628C7426060D4D33F55E03D0 /* Pods-GeoTransportationGame.debug.xcconfig */ = {isa = PBXFileReference; includeInIndex = 1; lastKnownFileType = text.xcconfig; name = "Pods-GeoTransportationGame.debug.xcconfig"; path = "Pods/Target Support Files/Pods-GeoTransportationGame/Pods-GeoTransportationGame.debug.xcconfig"; sourceTree = "<group>"; };
		68F1AEAA34A02E32DEBE651D /* MainViewInput.swift */ = {isa = PBXFileReference; includeInIndex = 1; lastKnownFileType = sourcecode.swift; path = MainViewInput.swift; sourceTree = "<group>"; };
		7E678134238F7EEF0026DA22 /* GeoTransportationGame.app */ = {isa = PBXFileReference; explicitFileType = wrapper.application; includeInIndex = 0; path = GeoTransportationGame.app; sourceTree = BUILT_PRODUCTS_DIR; };
		7E678137238F7EEF0026DA22 /* AppDelegate.swift */ = {isa = PBXFileReference; lastKnownFileType = sourcecode.swift; path = AppDelegate.swift; sourceTree = "<group>"; };
		7E678139238F7EEF0026DA22 /* SceneDelegate.swift */ = {isa = PBXFileReference; lastKnownFileType = sourcecode.swift; path = SceneDelegate.swift; sourceTree = "<group>"; };
		7E678140238F7EF20026DA22 /* Assets.xcassets */ = {isa = PBXFileReference; lastKnownFileType = folder.assetcatalog; path = Assets.xcassets; sourceTree = "<group>"; };
		7E678143238F7EF20026DA22 /* Base */ = {isa = PBXFileReference; lastKnownFileType = file.storyboard; name = Base; path = Base.lproj/LaunchScreen.storyboard; sourceTree = "<group>"; };
		7E678145238F7EF20026DA22 /* Info.plist */ = {isa = PBXFileReference; lastKnownFileType = text.plist.xml; path = Info.plist; sourceTree = "<group>"; };
		7E67814B2390496F0026DA22 /* MapKit.framework */ = {isa = PBXFileReference; lastKnownFileType = wrapper.framework; name = MapKit.framework; path = System/Library/Frameworks/MapKit.framework; sourceTree = SDKROOT; };
		7E67814D239049D30026DA22 /* MainViewController+Constraints.swift */ = {isa = PBXFileReference; lastKnownFileType = sourcecode.swift; name = "MainViewController+Constraints.swift"; path = "GeoTransportationGame/Classes/Modules/main/View/MainViewController+Constraints.swift"; sourceTree = SOURCE_ROOT; };
		ADCB0FEC320182370B4BD463 /* MainViewOutput.swift */ = {isa = PBXFileReference; includeInIndex = 1; lastKnownFileType = sourcecode.swift; path = MainViewOutput.swift; sourceTree = "<group>"; };
		AF52CE2BD4D25DA8B910956D /* MainInitializer.swift */ = {isa = PBXFileReference; includeInIndex = 1; lastKnownFileType = sourcecode.swift; path = MainInitializer.swift; sourceTree = "<group>"; };
		CC01135D184EC2FEA9342DBC /* MainPresenter.swift */ = {isa = PBXFileReference; includeInIndex = 1; lastKnownFileType = sourcecode.swift; path = MainPresenter.swift; sourceTree = "<group>"; };
		CC19D21E5AB0AECAF18ED4BB /* MainRouter.swift */ = {isa = PBXFileReference; includeInIndex = 1; lastKnownFileType = sourcecode.swift; path = MainRouter.swift; sourceTree = "<group>"; };
		DE85CBD3387EF487D8C75F32 /* Pods-GeoTransportationGame.release.xcconfig */ = {isa = PBXFileReference; includeInIndex = 1; lastKnownFileType = text.xcconfig; name = "Pods-GeoTransportationGame.release.xcconfig"; path = "Pods/Target Support Files/Pods-GeoTransportationGame/Pods-GeoTransportationGame.release.xcconfig"; sourceTree = "<group>"; };
		E8BEDBA1385F9EF083FFCE57 /* MainModuleInput.swift */ = {isa = PBXFileReference; includeInIndex = 1; lastKnownFileType = sourcecode.swift; path = MainModuleInput.swift; sourceTree = "<group>"; };
		F52129BC5F6D8A124133E32C /* MainViewController.swift */ = {isa = PBXFileReference; includeInIndex = 1; lastKnownFileType = sourcecode.swift; path = MainViewController.swift; sourceTree = "<group>"; };
		FB88BA50A5A4DA117FBC78BB /* MainInteractorInput.swift */ = {isa = PBXFileReference; includeInIndex = 1; lastKnownFileType = sourcecode.swift; path = MainInteractorInput.swift; sourceTree = "<group>"; };
/* End PBXFileReference section */

/* Begin PBXFrameworksBuildPhase section */
		7E678131238F7EEF0026DA22 /* Frameworks */ = {
			isa = PBXFrameworksBuildPhase;
			buildActionMask = 2147483647;
			files = (
				7E67814C239049700026DA22 /* MapKit.framework in Frameworks */,
				533E4F6C659D572599D3A89D /* Pods_GeoTransportationGame.framework in Frameworks */,
			);
			runOnlyForDeploymentPostprocessing = 0;
		};
/* End PBXFrameworksBuildPhase section */

/* Begin PBXGroup section */
		169C863FC64F48AC34B3FF6D /* Modules */ = {
			isa = PBXGroup;
			children = (
				190CEB3420C9277DCF0D7D07 /* Main */,
			);
			path = Modules;
			sourceTree = "<group>";
		};
		190CEB3420C9277DCF0D7D07 /* Main */ = {
			isa = PBXGroup;
			children = (
				8E57239E02B85D95BF1E0C36 /* View */,
				88D7C84B5417C5F408E6BD96 /* Presenter */,
				74EA6216BE7013A6B9BAFA14 /* Interactor */,
				6E918593C11FFA0B4257724F /* Router */,
				7187C1E586B31E27A917E36C /* Configurator */,
			);
			path = Main;
			sourceTree = "<group>";
		};
		511A58014EB6E21644D3321A /* Frameworks */ = {
			isa = PBXGroup;
			children = (
				7E67814B2390496F0026DA22 /* MapKit.framework */,
				3657AEE0053D156712C5FD6B /* Pods_GeoTransportationGame.framework */,
			);
			name = Frameworks;
			sourceTree = "<group>";
		};
		6E918593C11FFA0B4257724F /* Router */ = {
			isa = PBXGroup;
			children = (
				3C6CAD7D91F88BD9BF56EF6C /* MainRouterInput.swift */,
				CC19D21E5AB0AECAF18ED4BB /* MainRouter.swift */,
			);
			path = Router;
			sourceTree = "<group>";
		};
		7187C1E586B31E27A917E36C /* Configurator */ = {
			isa = PBXGroup;
			children = (
				5E55AB1E0B220C70DEAB6467 /* MainConfigurator.swift */,
				AF52CE2BD4D25DA8B910956D /* MainInitializer.swift */,
			);
			path = Configurator;
			sourceTree = "<group>";
		};
		74EA6216BE7013A6B9BAFA14 /* Interactor */ = {
			isa = PBXGroup;
			children = (
				FB88BA50A5A4DA117FBC78BB /* MainInteractorInput.swift */,
				3F48DF9AB67519C2B57FE182 /* MainInteractorOutput.swift */,
				2A68B43CECB1B52CEC8A1863 /* MainInteractor.swift */,
			);
			path = Interactor;
			sourceTree = "<group>";
		};
		7E67812B238F7EEF0026DA22 = {
			isa = PBXGroup;
			children = (
				7E678136238F7EEF0026DA22 /* GeoTransportationGame */,
				7E678135238F7EEF0026DA22 /* Products */,
				7FD49022163C381B3CDB2594 /* Pods */,
				511A58014EB6E21644D3321A /* Frameworks */,
			);
			sourceTree = "<group>";
		};
		7E678135238F7EEF0026DA22 /* Products */ = {
			isa = PBXGroup;
			children = (
				7E678134238F7EEF0026DA22 /* GeoTransportationGame.app */,
			);
			name = Products;
			sourceTree = "<group>";
		};
		7E678136238F7EEF0026DA22 /* GeoTransportationGame */ = {
			isa = PBXGroup;
			children = (
				7E678137238F7EEF0026DA22 /* AppDelegate.swift */,
				7E678139238F7EEF0026DA22 /* SceneDelegate.swift */,
				7E678140238F7EF20026DA22 /* Assets.xcassets */,
				7E678142238F7EF20026DA22 /* LaunchScreen.storyboard */,
				7E678145238F7EF20026DA22 /* Info.plist */,
				91EE4275DFAFA677A151B3C7 /* Classes */,
			);
			path = GeoTransportationGame;
			sourceTree = "<group>";
		};
		7FD49022163C381B3CDB2594 /* Pods */ = {
			isa = PBXGroup;
			children = (
				628C7426060D4D33F55E03D0 /* Pods-GeoTransportationGame.debug.xcconfig */,
				DE85CBD3387EF487D8C75F32 /* Pods-GeoTransportationGame.release.xcconfig */,
			);
			name = Pods;
			sourceTree = "<group>";
		};
		88D7C84B5417C5F408E6BD96 /* Presenter */ = {
			isa = PBXGroup;
			children = (
				E8BEDBA1385F9EF083FFCE57 /* MainModuleInput.swift */,
				CC01135D184EC2FEA9342DBC /* MainPresenter.swift */,
			);
			path = Presenter;
			sourceTree = "<group>";
		};
		8E57239E02B85D95BF1E0C36 /* View */ = {
			isa = PBXGroup;
			children = (
				68F1AEAA34A02E32DEBE651D /* MainViewInput.swift */,
				ADCB0FEC320182370B4BD463 /* MainViewOutput.swift */,
				F52129BC5F6D8A124133E32C /* MainViewController.swift */,
				7E67814D239049D30026DA22 /* MainViewController+Constraints.swift */,
			);
			path = View;
			sourceTree = "<group>";
		};
		91EE4275DFAFA677A151B3C7 /* Classes */ = {
			isa = PBXGroup;
			children = (
				169C863FC64F48AC34B3FF6D /* Modules */,
			);
			path = Classes;
			sourceTree = "<group>";
		};
/* End PBXGroup section */

/* Begin PBXNativeTarget section */
		7E678133238F7EEF0026DA22 /* GeoTransportationGame */ = {
			isa = PBXNativeTarget;
			buildConfigurationList = 7E678148238F7EF20026DA22 /* Build configuration list for PBXNativeTarget "GeoTransportationGame" */;
			buildPhases = (
				DC70E544BABAFCCFD8DDFE73 /* [CP] Check Pods Manifest.lock */,
				7E678130238F7EEF0026DA22 /* Sources */,
				7E678131238F7EEF0026DA22 /* Frameworks */,
				7E678132238F7EEF0026DA22 /* Resources */,
				0B1388B82EB7C2B001D5BADF /* [CP] Embed Pods Frameworks */,
			);
			buildRules = (
			);
			dependencies = (
			);
			name = GeoTransportationGame;
			productName = GeoTransportationGame;
			productReference = 7E678134238F7EEF0026DA22 /* GeoTransportationGame.app */;
			productType = "com.apple.product-type.application";
		};
/* End PBXNativeTarget section */

/* Begin PBXProject section */
		7E67812C238F7EEF0026DA22 /* Project object */ = {
			isa = PBXProject;
			attributes = {
				LastSwiftUpdateCheck = 1120;
				LastUpgradeCheck = 1120;
				ORGANIZATIONNAME = "Matthew Krager";
				TargetAttributes = {
					7E678133238F7EEF0026DA22 = {
						CreatedOnToolsVersion = 11.2.1;
					};
				};
			};
			buildConfigurationList = 7E67812F238F7EEF0026DA22 /* Build configuration list for PBXProject "GeoTransportationGame" */;
			compatibilityVersion = "Xcode 9.3";
			developmentRegion = en;
			hasScannedForEncodings = 0;
			knownRegions = (
				en,
				Base,
			);
			mainGroup = 7E67812B238F7EEF0026DA22;
			productRefGroup = 7E678135238F7EEF0026DA22 /* Products */;
			projectDirPath = "";
			projectRoot = "";
			targets = (
				7E678133238F7EEF0026DA22 /* GeoTransportationGame */,
			);
		};
/* End PBXProject section */

/* Begin PBXResourcesBuildPhase section */
		7E678132238F7EEF0026DA22 /* Resources */ = {
			isa = PBXResourcesBuildPhase;
			buildActionMask = 2147483647;
			files = (
				7E678144238F7EF20026DA22 /* LaunchScreen.storyboard in Resources */,
				7E678141238F7EF20026DA22 /* Assets.xcassets in Resources */,
			);
			runOnlyForDeploymentPostprocessing = 0;
		};
/* End PBXResourcesBuildPhase section */

/* Begin PBXShellScriptBuildPhase section */
		0B1388B82EB7C2B001D5BADF /* [CP] Embed Pods Frameworks */ = {
			isa = PBXShellScriptBuildPhase;
			buildActionMask = 2147483647;
			files = (
			);
			inputPaths = (
				"${SRCROOT}/Pods/Target Support Files/Pods-GeoTransportationGame/Pods-GeoTransportationGame-frameworks.sh",
				"${BUILT_PRODUCTS_DIR}/Alamofire/Alamofire.framework",
				"${BUILT_PRODUCTS_DIR}/Anchorage/Anchorage.framework",
			);
			name = "[CP] Embed Pods Frameworks";
			outputPaths = (
				"${TARGET_BUILD_DIR}/${FRAMEWORKS_FOLDER_PATH}/Alamofire.framework",
				"${TARGET_BUILD_DIR}/${FRAMEWORKS_FOLDER_PATH}/Anchorage.framework",
			);
			runOnlyForDeploymentPostprocessing = 0;
			shellPath = /bin/sh;
			shellScript = "\"${SRCROOT}/Pods/Target Support Files/Pods-GeoTransportationGame/Pods-GeoTransportationGame-frameworks.sh\"\n";
			showEnvVarsInLog = 0;
		};
		DC70E544BABAFCCFD8DDFE73 /* [CP] Check Pods Manifest.lock */ = {
			isa = PBXShellScriptBuildPhase;
			buildActionMask = 2147483647;
			files = (
			);
			inputPaths = (
				"${PODS_PODFILE_DIR_PATH}/Podfile.lock",
				"${PODS_ROOT}/Manifest.lock",
			);
			name = "[CP] Check Pods Manifest.lock";
			outputPaths = (
				"$(DERIVED_FILE_DIR)/Pods-GeoTransportationGame-checkManifestLockResult.txt",
			);
			runOnlyForDeploymentPostprocessing = 0;
			shellPath = /bin/sh;
			shellScript = "diff \"${PODS_PODFILE_DIR_PATH}/Podfile.lock\" \"${PODS_ROOT}/Manifest.lock\" > /dev/null\nif [ $? != 0 ] ; then\n    # print error to STDERR\n    echo \"error: The sandbox is not in sync with the Podfile.lock. Run 'pod install' or update your CocoaPods installation.\" >&2\n    exit 1\nfi\n# This output is used by Xcode 'outputs' to avoid re-running this script phase.\necho \"SUCCESS\" > \"${SCRIPT_OUTPUT_FILE_0}\"\n";
			showEnvVarsInLog = 0;
		};
/* End PBXShellScriptBuildPhase section */

/* Begin PBXSourcesBuildPhase section */
		7E678130238F7EEF0026DA22 /* Sources */ = {
			isa = PBXSourcesBuildPhase;
			buildActionMask = 2147483647;
			files = (
				7E678138238F7EEF0026DA22 /* AppDelegate.swift in Sources */,
				7E67813A238F7EEF0026DA22 /* SceneDelegate.swift in Sources */,
				7C4B7AF3B2805549564C95F2 /* MainViewInput.swift in Sources */,
				D3A0C45227EAADC169F8DDDF /* MainViewOutput.swift in Sources */,
				BACCC626A5A5FAD824EAB061 /* MainViewController.swift in Sources */,
				7E67814E239049D30026DA22 /* MainViewController+Constraints.swift in Sources */,
				1EC1BA9A75ED49DC5B921033 /* MainModuleInput.swift in Sources */,
				FD042937C62902BCE38A3F3D /* MainPresenter.swift in Sources */,
				85C40F1AF22CFA0C0F177F61 /* MainInteractorInput.swift in Sources */,
				F973DC241917EEFFE60DF133 /* MainInteractorOutput.swift in Sources */,
				D008A82162F033BD1914A426 /* MainInteractor.swift in Sources */,
				68CC641B13FA8D056FE7F224 /* MainRouterInput.swift in Sources */,
				3657E753F373D630421CB2B3 /* MainRouter.swift in Sources */,
				444C9AAFEB7D82B162A289F5 /* MainConfigurator.swift in Sources */,
				A8325A793B68DB4E4FBA840C /* MainInitializer.swift in Sources */,
			);
			runOnlyForDeploymentPostprocessing = 0;
		};
/* End PBXSourcesBuildPhase section */

/* Begin PBXVariantGroup section */
		7E678142238F7EF20026DA22 /* LaunchScreen.storyboard */ = {
			isa = PBXVariantGroup;
			children = (
				7E678143238F7EF20026DA22 /* Base */,
			);
			name = LaunchScreen.storyboard;
			sourceTree = "<group>";
		};
/* End PBXVariantGroup section */

/* Begin XCBuildConfiguration section */
		7E678146238F7EF20026DA22 /* Debug */ = {
			isa = XCBuildConfiguration;
			buildSettings = {
				ALWAYS_SEARCH_USER_PATHS = NO;
				CLANG_ANALYZER_NONNULL = YES;
				CLANG_ANALYZER_NUMBER_OBJECT_CONVERSION = YES_AGGRESSIVE;
				CLANG_CXX_LANGUAGE_STANDARD = "gnu++14";
				CLANG_CXX_LIBRARY = "libc++";
				CLANG_ENABLE_MODULES = YES;
				CLANG_ENABLE_OBJC_ARC = YES;
				CLANG_ENABLE_OBJC_WEAK = YES;
				CLANG_WARN_BLOCK_CAPTURE_AUTORELEASING = YES;
				CLANG_WARN_BOOL_CONVERSION = YES;
				CLANG_WARN_COMMA = YES;
				CLANG_WARN_CONSTANT_CONVERSION = YES;
				CLANG_WARN_DEPRECATED_OBJC_IMPLEMENTATIONS = YES;
				CLANG_WARN_DIRECT_OBJC_ISA_USAGE = YES_ERROR;
				CLANG_WARN_DOCUMENTATION_COMMENTS = YES;
				CLANG_WARN_EMPTY_BODY = YES;
				CLANG_WARN_ENUM_CONVERSION = YES;
				CLANG_WARN_INFINITE_RECURSION = YES;
				CLANG_WARN_INT_CONVERSION = YES;
				CLANG_WARN_NON_LITERAL_NULL_CONVERSION = YES;
				CLANG_WARN_OBJC_IMPLICIT_RETAIN_SELF = YES;
				CLANG_WARN_OBJC_LITERAL_CONVERSION = YES;
				CLANG_WARN_OBJC_ROOT_CLASS = YES_ERROR;
				CLANG_WARN_RANGE_LOOP_ANALYSIS = YES;
				CLANG_WARN_STRICT_PROTOTYPES = YES;
				CLANG_WARN_SUSPICIOUS_MOVE = YES;
				CLANG_WARN_UNGUARDED_AVAILABILITY = YES_AGGRESSIVE;
				CLANG_WARN_UNREACHABLE_CODE = YES;
				CLANG_WARN__DUPLICATE_METHOD_MATCH = YES;
				COPY_PHASE_STRIP = NO;
				DEBUG_INFORMATION_FORMAT = dwarf;
				ENABLE_STRICT_OBJC_MSGSEND = YES;
				ENABLE_TESTABILITY = YES;
				GCC_C_LANGUAGE_STANDARD = gnu11;
				GCC_DYNAMIC_NO_PIC = NO;
				GCC_NO_COMMON_BLOCKS = YES;
				GCC_OPTIMIZATION_LEVEL = 0;
				GCC_PREPROCESSOR_DEFINITIONS = (
					"DEBUG=1",
					"$(inherited)",
				);
				GCC_WARN_64_TO_32_BIT_CONVERSION = YES;
				GCC_WARN_ABOUT_RETURN_TYPE = YES_ERROR;
				GCC_WARN_UNDECLARED_SELECTOR = YES;
				GCC_WARN_UNINITIALIZED_AUTOS = YES_AGGRESSIVE;
				GCC_WARN_UNUSED_FUNCTION = YES;
				GCC_WARN_UNUSED_VARIABLE = YES;
				IPHONEOS_DEPLOYMENT_TARGET = 13.2;
				MTL_ENABLE_DEBUG_INFO = INCLUDE_SOURCE;
				MTL_FAST_MATH = YES;
				ONLY_ACTIVE_ARCH = YES;
				SDKROOT = iphoneos;
				SWIFT_ACTIVE_COMPILATION_CONDITIONS = DEBUG;
				SWIFT_OPTIMIZATION_LEVEL = "-Onone";
			};
			name = Debug;
		};
		7E678147238F7EF20026DA22 /* Release */ = {
			isa = XCBuildConfiguration;
			buildSettings = {
				ALWAYS_SEARCH_USER_PATHS = NO;
				CLANG_ANALYZER_NONNULL = YES;
				CLANG_ANALYZER_NUMBER_OBJECT_CONVERSION = YES_AGGRESSIVE;
				CLANG_CXX_LANGUAGE_STANDARD = "gnu++14";
				CLANG_CXX_LIBRARY = "libc++";
				CLANG_ENABLE_MODULES = YES;
				CLANG_ENABLE_OBJC_ARC = YES;
				CLANG_ENABLE_OBJC_WEAK = YES;
				CLANG_WARN_BLOCK_CAPTURE_AUTORELEASING = YES;
				CLANG_WARN_BOOL_CONVERSION = YES;
				CLANG_WARN_COMMA = YES;
				CLANG_WARN_CONSTANT_CONVERSION = YES;
				CLANG_WARN_DEPRECATED_OBJC_IMPLEMENTATIONS = YES;
				CLANG_WARN_DIRECT_OBJC_ISA_USAGE = YES_ERROR;
				CLANG_WARN_DOCUMENTATION_COMMENTS = YES;
				CLANG_WARN_EMPTY_BODY = YES;
				CLANG_WARN_ENUM_CONVERSION = YES;
				CLANG_WARN_INFINITE_RECURSION = YES;
				CLANG_WARN_INT_CONVERSION = YES;
				CLANG_WARN_NON_LITERAL_NULL_CONVERSION = YES;
				CLANG_WARN_OBJC_IMPLICIT_RETAIN_SELF = YES;
				CLANG_WARN_OBJC_LITERAL_CONVERSION = YES;
				CLANG_WARN_OBJC_ROOT_CLASS = YES_ERROR;
				CLANG_WARN_RANGE_LOOP_ANALYSIS = YES;
				CLANG_WARN_STRICT_PROTOTYPES = YES;
				CLANG_WARN_SUSPICIOUS_MOVE = YES;
				CLANG_WARN_UNGUARDED_AVAILABILITY = YES_AGGRESSIVE;
				CLANG_WARN_UNREACHABLE_CODE = YES;
				CLANG_WARN__DUPLICATE_METHOD_MATCH = YES;
				COPY_PHASE_STRIP = NO;
				DEBUG_INFORMATION_FORMAT = "dwarf-with-dsym";
				ENABLE_NS_ASSERTIONS = NO;
				ENABLE_STRICT_OBJC_MSGSEND = YES;
				GCC_C_LANGUAGE_STANDARD = gnu11;
				GCC_NO_COMMON_BLOCKS = YES;
				GCC_WARN_64_TO_32_BIT_CONVERSION = YES;
				GCC_WARN_ABOUT_RETURN_TYPE = YES_ERROR;
				GCC_WARN_UNDECLARED_SELECTOR = YES;
				GCC_WARN_UNINITIALIZED_AUTOS = YES_AGGRESSIVE;
				GCC_WARN_UNUSED_FUNCTION = YES;
				GCC_WARN_UNUSED_VARIABLE = YES;
				IPHONEOS_DEPLOYMENT_TARGET = 13.2;
				MTL_ENABLE_DEBUG_INFO = NO;
				MTL_FAST_MATH = YES;
				SDKROOT = iphoneos;
				SWIFT_COMPILATION_MODE = wholemodule;
				SWIFT_OPTIMIZATION_LEVEL = "-O";
				VALIDATE_PRODUCT = YES;
			};
			name = Release;
		};
		7E678149238F7EF20026DA22 /* Debug */ = {
			isa = XCBuildConfiguration;
			baseConfigurationReference = 628C7426060D4D33F55E03D0 /* Pods-GeoTransportationGame.debug.xcconfig */;
			buildSettings = {
				ASSETCATALOG_COMPILER_APPICON_NAME = AppIcon;
				CODE_SIGN_STYLE = Automatic;
				DEVELOPMENT_TEAM = 2MD9NK2MQ3;
				INFOPLIST_FILE = GeoTransportationGame/Info.plist;
				LD_RUNPATH_SEARCH_PATHS = (
					"$(inherited)",
					"@executable_path/Frameworks",
				);
				PRODUCT_BUNDLE_IDENTIFIER = Krager.GeoTransportationGame;
				PRODUCT_NAME = "$(TARGET_NAME)";
				SWIFT_VERSION = 5.0;
				TARGETED_DEVICE_FAMILY = "1,2";
			};
			name = Debug;
		};
		7E67814A238F7EF20026DA22 /* Release */ = {
			isa = XCBuildConfiguration;
			baseConfigurationReference = DE85CBD3387EF487D8C75F32 /* Pods-GeoTransportationGame.release.xcconfig */;
			buildSettings = {
				ASSETCATALOG_COMPILER_APPICON_NAME = AppIcon;
				CODE_SIGN_STYLE = Automatic;
				DEVELOPMENT_TEAM = 2MD9NK2MQ3;
				INFOPLIST_FILE = GeoTransportationGame/Info.plist;
				LD_RUNPATH_SEARCH_PATHS = (
					"$(inherited)",
					"@executable_path/Frameworks",
				);
				PRODUCT_BUNDLE_IDENTIFIER = Krager.GeoTransportationGame;
				PRODUCT_NAME = "$(TARGET_NAME)";
				SWIFT_VERSION = 5.0;
				TARGETED_DEVICE_FAMILY = "1,2";
			};
			name = Release;
		};
/* End XCBuildConfiguration section */

/* Begin XCConfigurationList section */
		7E67812F238F7EEF0026DA22 /* Build configuration list for PBXProject "GeoTransportationGame" */ = {
			isa = XCConfigurationList;
			buildConfigurations = (
				7E678146238F7EF20026DA22 /* Debug */,
				7E678147238F7EF20026DA22 /* Release */,
			);
			defaultConfigurationIsVisible = 0;
			defaultConfigurationName = Release;
		};
		7E678148238F7EF20026DA22 /* Build configuration list for PBXNativeTarget "GeoTransportationGame" */ = {
			isa = XCConfigurationList;
			buildConfigurations = (
				7E678149238F7EF20026DA22 /* Debug */,
				7E67814A238F7EF20026DA22 /* Release */,
			);
			defaultConfigurationIsVisible = 0;
			defaultConfigurationName = Release;
		};
/* End XCConfigurationList section */
	};
	rootObject = 7E67812C238F7EEF0026DA22 /* Project object */;
}
